hash: 77f3d069c47a3549f23ced202b6af5e04e57527f2b09ee9b2a6df66e7f52cb11
updated: 2016-05-26T12:07:50.565085582+09:00
imports:
- name: github.com/gin-gonic/gin
  version: f931d1ea80ae95a6fc739213cdd9399bd2967fb6
- name: github.com/k0kubun/pp
  version: 36d5366f4ec038f9a76dd85c7b29074089bb9b9e
- name: github.com/mattn/go-colorable
  version: e8a10ddc7d2a7fe255f6fd7f501070a4cb62c183
- name: github.com/mattn/go-isatty
  version: 56b76bdf51f7708750eac80fa38b952bb9f32639
- name: golang.org/x/sys
  version: d4feaf1a7e61e1d9e79e6c4e76c6349e9cab0a03
  subpackages:
  - unix
devImports: []
