hash: 3336a03bfd21649971c99d35d3dbac98ec511aabb0da4fad7cc26fa7cd327365
updated: 2016-05-18T13:30:28.643103012+09:00
imports:
- name: github.com/k0kubun/pp
  version: 36d5366f4ec038f9a76dd85c7b29074089bb9b9e
- name: github.com/mattn/go-colorable
  version: e8a10ddc7d2a7fe255f6fd7f501070a4cb62c183
- name: github.com/mattn/go-isatty
  version: 56b76bdf51f7708750eac80fa38b952bb9f32639
- name: golang.org/x/sys
  version: d4feaf1a7e61e1d9e79e6c4e76c6349e9cab0a03
  subpackages:
  - unix
devImports: []
